{
  "requires": true,
  "lockfileVersion": 1,
  "dependencies": {
    "ngp-image-picker": {
      "version": "1.4.0",
      "resolved": "https://registry.npmjs.org/ngp-image-picker/-/ngp-image-picker-1.4.0.tgz",
      "integrity": "sha512-FtXuso7jpqkCqnhvgorhtJbmD5HLUAXrVFgSNcQB+VfvgeEs6lCa3nLl8kI5EaWnTQ5csyJUvze5T3qCBqFMsg==",
      "requires": {
        "tslib": "^2.0.0"
      }
    },
    "tslib": {
      "version": "2.2.0",
      "resolved": "https://registry.npmjs.org/tslib/-/tslib-2.2.0.tgz",
      "integrity": "sha512-gS9GVHRU+RGn5KQM2rllAlR3dU6m7AcpJKdtH8gFvQiC4Otgk98XnmMU+nZenHt/+VhnBPWwgrJsyrdcw6i23w=="
    }
  }
}
